
Microsoft Visual Studio Solution File, Format Version 12.00
# Visual Studio Version 17
VisualStudioVersion = 17.10.34928.147
MinimumVisualStudioVersion = 10.0.40219.1
Project("{9A19103F-16F7-4668-BE54-9A1E7A4F7556}") = "TechTest.WebApi", "TechTest.WebApi\TechTest.WebApi.csproj", "{ADAABC08-8606-49A3-B6BF-5E28AF78ED20}"
EndProject
Project("{9A19103F-16F7-4668-BE54-9A1E7A4F7556}") = "TechTest.Core", "TechTest.Core\TechTest.Core.csproj", "{8F11F321-D2FC-4EF6-868F-FD5517CF3949}"
EndProject
Project("{9A19103F-16F7-4668-BE54-9A1E7A4F7556}") = "TechTest.Infrastructure", "TechTest.Infrastructure\TechTest.Infrastructure.csproj", "{47F6931C-45CF-4FD7-92E3-F264E66A549B}"
EndProject
Project("{2150E333-8FDC-42A3-9474-1A3956D46DE8}") = "src", "src", "{1C841E01-EEC4-4205-9001-F3102E3857D6}"
EndProject
Project("{2150E333-8FDC-42A3-9474-1A3956D46DE8}") = "test", "test", "{C4F784BC-1D94-4DEA-B13E-D9903BBBB70C}"
EndProject
Project("{9A19103F-16F7-4668-BE54-9A1E7A4F7556}") = "TechTest.Test", "TechTest.Test\TechTest.Test.csproj", "{82A7B3DF-13EA-4AF4-A542-E91027FE9732}"
EndProject
Project("{9A19103F-16F7-4668-BE54-9A1E7A4F7556}") = "TechTest.ClientSide", "TechTest.ClientSide\TechTest.ClientSide.csproj", "{C95A1B02-832B-4CB4-8B73-106503961B51}"
EndProject
Global
	GlobalSection(SolutionConfigurationPlatforms) = preSolution
		Debug|Any CPU = Debug|Any CPU
		Release|Any CPU = Release|Any CPU
	EndGlobalSection
	GlobalSection(ProjectConfigurationPlatforms) = postSolution
		{ADAABC08-8606-49A3-B6BF-5E28AF78ED20}.Debug|Any CPU.ActiveCfg = Debug|Any CPU
		{ADAABC08-8606-49A3-B6BF-5E28AF78ED20}.Debug|Any CPU.Build.0 = Debug|Any CPU
		{ADAABC08-8606-49A3-B6BF-5E28AF78ED20}.Release|Any CPU.ActiveCfg = Release|Any CPU
		{ADAABC08-8606-49A3-B6BF-5E28AF78ED20}.Release|Any CPU.Build.0 = Release|Any CPU
		{8F11F321-D2FC-4EF6-868F-FD5517CF3949}.Debug|Any CPU.ActiveCfg = Debug|Any CPU
		{8F11F321-D2FC-4EF6-868F-FD5517CF3949}.Debug|Any CPU.Build.0 = Debug|Any CPU
		{8F11F321-D2FC-4EF6-868F-FD5517CF3949}.Release|Any CPU.ActiveCfg = Release|Any CPU
		{8F11F321-D2FC-4EF6-868F-FD5517CF3949}.Release|Any CPU.Build.0 = Release|Any CPU
		{47F6931C-45CF-4FD7-92E3-F264E66A549B}.Debug|Any CPU.ActiveCfg = Debug|Any CPU
		{47F6931C-45CF-4FD7-92E3-F264E66A549B}.Debug|Any CPU.Build.0 = Debug|Any CPU
		{47F6931C-45CF-4FD7-92E3-F264E66A549B}.Release|Any CPU.ActiveCfg = Release|Any CPU
		{47F6931C-45CF-4FD7-92E3-F264E66A549B}.Release|Any CPU.Build.0 = Release|Any CPU
		{82A7B3DF-13EA-4AF4-A542-E91027FE9732}.Debug|Any CPU.ActiveCfg = Debug|Any CPU
		{82A7B3DF-13EA-4AF4-A542-E91027FE9732}.Debug|Any CPU.Build.0 = Debug|Any CPU
		{82A7B3DF-13EA-4AF4-A542-E91027FE9732}.Release|Any CPU.ActiveCfg = Release|Any CPU
		{82A7B3DF-13EA-4AF4-A542-E91027FE9732}.Release|Any CPU.Build.0 = Release|Any CPU
		{C95A1B02-832B-4CB4-8B73-106503961B51}.Debug|Any CPU.ActiveCfg = Debug|Any CPU
		{C95A1B02-832B-4CB4-8B73-106503961B51}.Debug|Any CPU.Build.0 = Debug|Any CPU
		{C95A1B02-832B-4CB4-8B73-106503961B51}.Release|Any CPU.ActiveCfg = Release|Any CPU
		{C95A1B02-832B-4CB4-8B73-106503961B51}.Release|Any CPU.Build.0 = Release|Any CPU
	EndGlobalSection
	GlobalSection(SolutionProperties) = preSolution
		HideSolutionNode = FALSE
	EndGlobalSection
	GlobalSection(NestedProjects) = preSolution
		{ADAABC08-8606-49A3-B6BF-5E28AF78ED20} = {1C841E01-EEC4-4205-9001-F3102E3857D6}
		{8F11F321-D2FC-4EF6-868F-FD5517CF3949} = {1C841E01-EEC4-4205-9001-F3102E3857D6}
		{47F6931C-45CF-4FD7-92E3-F264E66A549B} = {1C841E01-EEC4-4205-9001-F3102E3857D6}
		{82A7B3DF-13EA-4AF4-A542-E91027FE9732} = {C4F784BC-1D94-4DEA-B13E-D9903BBBB70C}
		{C95A1B02-832B-4CB4-8B73-106503961B51} = {1C841E01-EEC4-4205-9001-F3102E3857D6}
	EndGlobalSection
	GlobalSection(ExtensibilityGlobals) = postSolution
		SolutionGuid = {C06D211D-D2B8-4120-BCF0-A1A381485875}
	EndGlobalSection
EndGlobal
